
Microsoft Visual Studio Solution File, Format Version 12.00
# Visual Studio Version 16
VisualStudioVersion = 16.0.31424.327
MinimumVisualStudioVersion = 10.0.40219.1
Project("{8BC9CEB8-8B4A-11D0-8D11-00A0C91BC942}") = "模板-类模板", "模板-类模板\模板-类模板.vcxproj", "{8A16C61A-38FB-4B05-8A9D-8160D6995027}"
EndProject
Global
	GlobalSection(SolutionConfigurationPlatforms) = preSolution
		Debug|x64 = Debug|x64
		Debug|x86 = Debug|x86
		Release|x64 = Release|x64
		Release|x86 = Release|x86
	EndGlobalSection
	GlobalSection(ProjectConfigurationPlatforms) = postSolution
		{8A16C61A-38FB-4B05-8A9D-8160D6995027}.Debug|x64.ActiveCfg = Debug|x64
		{8A16C61A-38FB-4B05-8A9D-8160D6995027}.Debug|x64.Build.0 = Debug|x64
		{8A16C61A-38FB-4B05-8A9D-8160D6995027}.Debug|x86.ActiveCfg = Debug|Win32
		{8A16C61A-38FB-4B05-8A9D-8160D6995027}.Debug|x86.Build.0 = Debug|Win32
		{8A16C61A-38FB-4B05-8A9D-8160D6995027}.Release|x64.ActiveCfg = Release|x64
		{8A16C61A-38FB-4B05-8A9D-8160D6995027}.Release|x64.Build.0 = Release|x64
		{8A16C61A-38FB-4B05-8A9D-8160D6995027}.Release|x86.ActiveCfg = Release|Win32
		{8A16C61A-38FB-4B05-8A9D-8160D6995027}.Release|x86.Build.0 = Release|Win32
	EndGlobalSection
	GlobalSection(SolutionProperties) = preSolution
		HideSolutionNode = FALSE
	EndGlobalSection
	GlobalSection(ExtensibilityGlobals) = postSolution
		SolutionGuid = {8AD51BA5-0623-4243-9F76-6E5DD4F5A836}
	EndGlobalSection
EndGlobal
